
Microsoft Visual Studio Solution File, Format Version 12.00
# Visual Studio Version 17
VisualStudioVersion = 17.3.32825.248
MinimumVisualStudioVersion = 10.0.40219.1
Project("{FAE04EC0-301F-11D3-BF4B-00C04F79EFBC}") = "Project3", "Project3\Project3.csproj", "{695D51C8-9FDA-469B-90DC-FF2C654B36CF}"
EndProject
Global
	GlobalSection(SolutionConfigurationPlatforms) = preSolution
		Debug|Any CPU = Debug|Any CPU
		Release|Any CPU = Release|Any CPU
	EndGlobalSection
	GlobalSection(ProjectConfigurationPlatforms) = postSolution
		{695D51C8-9FDA-469B-90DC-FF2C654B36CF}.Debug|Any CPU.ActiveCfg = Debug|Any CPU
		{695D51C8-9FDA-469B-90DC-FF2C654B36CF}.Debug|Any CPU.Build.0 = Debug|Any CPU
		{695D51C8-9FDA-469B-90DC-FF2C654B36CF}.Release|Any CPU.ActiveCfg = Release|Any CPU
		{695D51C8-9FDA-469B-90DC-FF2C654B36CF}.Release|Any CPU.Build.0 = Release|Any CPU
	EndGlobalSection
	GlobalSection(SolutionProperties) = preSolution
		HideSolutionNode = FALSE
	EndGlobalSection
	GlobalSection(ExtensibilityGlobals) = postSolution
		SolutionGuid = {EA1AD1C1-7A68-4451-ABE9-8A0452116D07}
	EndGlobalSection
EndGlobal
